
Microsoft Visual Studio Solution File, Format Version 12.00
# Visual Studio Version 16
VisualStudioVersion = 16.0.31410.357
MinimumVisualStudioVersion = 10.0.40219.1
Project("{FAE04EC0-301F-11D3-BF4B-00C04F79EFBC}") = "runfrombc", "runfrombc.csproj", "{8AAA9251-AA2E-4C8F-BA8F-717102E0115F}"
EndProject
Global
	GlobalSection(SolutionConfigurationPlatforms) = preSolution
		Debug|Any CPU = Debug|Any CPU
		Release|Any CPU = Release|Any CPU
	EndGlobalSection
	GlobalSection(ProjectConfigurationPlatforms) = postSolution
		{8AAA9251-AA2E-4C8F-BA8F-717102E0115F}.Debug|Any CPU.ActiveCfg = Debug|Any CPU
		{8AAA9251-AA2E-4C8F-BA8F-717102E0115F}.Debug|Any CPU.Build.0 = Debug|Any CPU
		{8AAA9251-AA2E-4C8F-BA8F-717102E0115F}.Release|Any CPU.ActiveCfg = Release|Any CPU
		{8AAA9251-AA2E-4C8F-BA8F-717102E0115F}.Release|Any CPU.Build.0 = Release|Any CPU
	EndGlobalSection
	GlobalSection(SolutionProperties) = preSolution
		HideSolutionNode = FALSE
	EndGlobalSection
	GlobalSection(ExtensibilityGlobals) = postSolution
		SolutionGuid = {61AA2A74-4DF2-4998-BC6F-3E93362D2CF0}
	EndGlobalSection
EndGlobal
