
Microsoft Visual Studio Solution File, Format Version 12.00
# Visual Studio Version 17
VisualStudioVersion = 17.1.32328.378
MinimumVisualStudioVersion = 10.0.40219.1
Project("{FAE04EC0-301F-11D3-BF4B-00C04F79EFBC}") = "wcftest_in_charp", "wcftest_in_charp.csproj", "{EA5EFAA0-60B9-43DB-886A-FC3FD7FDEA60}"
EndProject
Global
	GlobalSection(SolutionConfigurationPlatforms) = preSolution
		Debug|Any CPU = Debug|Any CPU
		Release|Any CPU = Release|Any CPU
	EndGlobalSection
	GlobalSection(ProjectConfigurationPlatforms) = postSolution
		{EA5EFAA0-60B9-43DB-886A-FC3FD7FDEA60}.Debug|Any CPU.ActiveCfg = Debug|Any CPU
		{EA5EFAA0-60B9-43DB-886A-FC3FD7FDEA60}.Debug|Any CPU.Build.0 = Debug|Any CPU
		{EA5EFAA0-60B9-43DB-886A-FC3FD7FDEA60}.Release|Any CPU.ActiveCfg = Release|Any CPU
		{EA5EFAA0-60B9-43DB-886A-FC3FD7FDEA60}.Release|Any CPU.Build.0 = Release|Any CPU
	EndGlobalSection
	GlobalSection(SolutionProperties) = preSolution
		HideSolutionNode = FALSE
	EndGlobalSection
	GlobalSection(ExtensibilityGlobals) = postSolution
		SolutionGuid = {B2DCC6C0-9D70-44F6-BFAA-24E2152BA908}
	EndGlobalSection
EndGlobal
