
Microsoft Visual Studio Solution File, Format Version 12.00
# Visual Studio Version 17
VisualStudioVersion = 17.3.32929.385
MinimumVisualStudioVersion = 10.0.40219.1
Project("{FAE04EC0-301F-11D3-BF4B-00C04F79EFBC}") = "CallMeFromAL", "CallMeFromAL.csproj", "{0CFF854D-EBE3-4538-B66A-EF11CD61DE32}"
EndProject
Global
	GlobalSection(SolutionConfigurationPlatforms) = preSolution
		Debug|Any CPU = Debug|Any CPU
		Release|Any CPU = Release|Any CPU
	EndGlobalSection
	GlobalSection(ProjectConfigurationPlatforms) = postSolution
		{0CFF854D-EBE3-4538-B66A-EF11CD61DE32}.Debug|Any CPU.ActiveCfg = Debug|Any CPU
		{0CFF854D-EBE3-4538-B66A-EF11CD61DE32}.Debug|Any CPU.Build.0 = Debug|Any CPU
		{0CFF854D-EBE3-4538-B66A-EF11CD61DE32}.Release|Any CPU.ActiveCfg = Release|Any CPU
		{0CFF854D-EBE3-4538-B66A-EF11CD61DE32}.Release|Any CPU.Build.0 = Release|Any CPU
	EndGlobalSection
	GlobalSection(SolutionProperties) = preSolution
		HideSolutionNode = FALSE
	EndGlobalSection
	GlobalSection(ExtensibilityGlobals) = postSolution
		SolutionGuid = {8A484E65-CBCD-4A96-A7AC-CB43876AAE95}
	EndGlobalSection
EndGlobal
